{
  "name": "redacta-gauntlet",
  "version": "1.0.0",
  "lockfileVersion": 3,
  "requires": true,
  "packages": {
    "": {
      "name": "redacta-gauntlet",
      "version": "1.0.0",
      "license": "ISC",
      "dependencies": {
        "@pharmatools/redacta": "^1.2.0"
      }
    },
    "node_modules/@pharmatools/redacta": {
      "version": "1.2.0",
      "resolved": "https://registry.npmjs.org/@pharmatools/redacta/-/redacta-1.2.0.tgz",
      "integrity": "sha512-SQUf7LK1RISwWGww0B4k25LLft/k1iMNV11bt7nfXnTPu+Z/EzD7uhRaYt/vyWqlgwPGvd/LhDhl7DvbNxrZQA==",
      "license": "MIT-0"
    }
  }
}
